{
    "_meta": {
        "hash": {
            "sha256": "59d1083ecf98ca30b14382e6e2b27ed044355039869f5225de06948ca13b475d"
        },
        "pipfile-spec": 6,
        "requires": {
            "python_version": "3.6"
        },
        "sources": [
            {
                "name": "pypi",
                "url": "https://pypi.org/simple",
                "verify_ssl": true
            }
        ]
    },
    "default": {
        "mysqlclient": {
            "hashes": [
                "sha256:5c008e74b1c4a42271172c35f28a698cf79a7cba5d2bc811125e963f28001c34",
                "sha256:6ad22de8ea3aba03ce1b202ed175e0c7a8b82fcdab8f57b1649c596550ed785a",
                "sha256:a66a7a5f4ec71e8952e27a91a3fa8e0a3ab0682e223f1a007a77518058d0d1b5",
                "sha256:e80109b0ae8d952b900b31b623181532e5e89376d707dcbeb63f99e69cefe559"
            ],
            "index": "pypi",
            "version": "==1.4.5"
        }
    },
    "develop": {}
}
